// !$*UTF8*$!
{
	archiveVersion = 1;
	classes = {
	};
	objectVersion = 46;
	objects = {

/* Begin PBXBuildFile section */
		87215FB51E9446F2003A7728 /* cmain.c in Sources */ = {isa = PBXBuildFile; fileRef = 87215FB41E9446F2003A7728 /* cmain.c */; };
		87215FBD1E944713003A7728 /* jssy.c in Sources */ = {isa = PBXBuildFile; fileRef = 87215FBB1E944713003A7728 /* jssy.c */; };
		8796E003257E6B2B00BA5B58 /* jssy_create.c in Sources */ = {isa = PBXBuildFile; fileRef = 8796E002257E6B2B00BA5B58 /* jssy_create.c */; };
		87B0A5D71F6B41BA00F712A0 /* cppmain.cpp in Sources */ = {isa = PBXBuildFile; fileRef = 87B0A5D61F6B41BA00F712A0 /* cppmain.cpp */; };
		87B0A5DA1F6B420500F712A0 /* jssy.cpp in Sources */ = {isa = PBXBuildFile; fileRef = 87B0A5D81F6B420500F712A0 /* jssy.cpp */; };
/* End PBXBuildFile section */

/* Begin PBXCopyFilesBuildPhase section */
		87215FAF1E9446F2003A7728 /* CopyFiles */ = {
			isa = PBXCopyFilesBuildPhase;
			buildActionMask = 2147483647;
			dstPath = /usr/share/man/man1/;
			dstSubfolderSpec = 0;
			files = (
			);
			runOnlyForDeploymentPostprocessing = 1;
		};
/* End PBXCopyFilesBuildPhase section */

/* Begin PBXFileReference section */
		87215FB11E9446F2003A7728 /* jssy */ = {isa = PBXFileReference; explicitFileType = "compiled.mach-o.executable"; includeInIndex = 0; path = jssy; sourceTree = BUILT_PRODUCTS_DIR; };
		87215FB41E9446F2003A7728 /* cmain.c */ = {isa = PBXFileReference; lastKnownFileType = sourcecode.c.c; path = cmain.c; sourceTree = "<group>"; };
		87215FBB1E944713003A7728 /* jssy.c */ = {isa = PBXFileReference; fileEncoding = 4; lastKnownFileType = sourcecode.c.c; path = jssy.c; sourceTree = "<group>"; };
		87215FBC1E944713003A7728 /* jssy.h */ = {isa = PBXFileReference; fileEncoding = 4; lastKnownFileType = sourcecode.c.h; path = jssy.h; sourceTree = "<group>"; };
		8796E001257E6B2B00BA5B58 /* jssy_create.h */ = {isa = PBXFileReference; lastKnownFileType = sourcecode.c.h; path = jssy_create.h; sourceTree = "<group>"; };
		8796E002257E6B2B00BA5B58 /* jssy_create.c */ = {isa = PBXFileReference; lastKnownFileType = sourcecode.c.c; path = jssy_create.c; sourceTree = "<group>"; };
		87B0A5D61F6B41BA00F712A0 /* cppmain.cpp */ = {isa = PBXFileReference; fileEncoding = 4; lastKnownFileType = sourcecode.cpp.cpp; path = cppmain.cpp; sourceTree = "<group>"; };
		87B0A5D81F6B420500F712A0 /* jssy.cpp */ = {isa = PBXFileReference; fileEncoding = 4; lastKnownFileType = sourcecode.cpp.cpp; path = jssy.cpp; sourceTree = "<group>"; };
		87B0A5D91F6B420500F712A0 /* jssy.hpp */ = {isa = PBXFileReference; fileEncoding = 4; lastKnownFileType = sourcecode.cpp.h; path = jssy.hpp; sourceTree = "<group>"; };
		87B0A5DB1F6B426900F712A0 /* ptr_smart.hpp */ = {isa = PBXFileReference; lastKnownFileType = sourcecode.cpp.h; path = ptr_smart.hpp; sourceTree = "<group>"; };
		87B0A5DC1F6B429E00F712A0 /* helper.h */ = {isa = PBXFileReference; lastKnownFileType = sourcecode.c.h; path = helper.h; sourceTree = "<group>"; };
/* End PBXFileReference section */

/* Begin PBXFrameworksBuildPhase section */
		87215FAE1E9446F2003A7728 /* Frameworks */ = {
			isa = PBXFrameworksBuildPhase;
			buildActionMask = 2147483647;
			files = (
			);
			runOnlyForDeploymentPostprocessing = 0;
		};
/* End PBXFrameworksBuildPhase section */

/* Begin PBXGroup section */
		87215FA81E9446F2003A7728 = {
			isa = PBXGroup;
			children = (
				87215FB31E9446F2003A7728 /* jssy */,
				87215FB21E9446F2003A7728 /* Products */,
			);
			sourceTree = "<group>";
		};
		87215FB21E9446F2003A7728 /* Products */ = {
			isa = PBXGroup;
			children = (
				87215FB11E9446F2003A7728 /* jssy */,
			);
			name = Products;
			sourceTree = "<group>";
		};
		87215FB31E9446F2003A7728 /* jssy */ = {
			isa = PBXGroup;
			children = (
				87215FBC1E944713003A7728 /* jssy.h */,
				87215FBB1E944713003A7728 /* jssy.c */,
				8796E001257E6B2B00BA5B58 /* jssy_create.h */,
				8796E002257E6B2B00BA5B58 /* jssy_create.c */,
				8796E000257E6B0B00BA5B58 /* jssy++ */,
				87215FB41E9446F2003A7728 /* cmain.c */,
			);
			path = jssy;
			sourceTree = "<group>";
		};
		8796E000257E6B0B00BA5B58 /* jssy++ */ = {
			isa = PBXGroup;
			children = (
				87B0A5DB1F6B426900F712A0 /* ptr_smart.hpp */,
				87B0A5DC1F6B429E00F712A0 /* helper.h */,
				87B0A5D91F6B420500F712A0 /* jssy.hpp */,
				87B0A5D81F6B420500F712A0 /* jssy.cpp */,
				87B0A5D61F6B41BA00F712A0 /* cppmain.cpp */,
			);
			name = "jssy++";
			sourceTree = "<group>";
		};
/* End PBXGroup section */

/* Begin PBXNativeTarget section */
		87215FB01E9446F2003A7728 /* jssy */ = {
			isa = PBXNativeTarget;
			buildConfigurationList = 87215FB81E9446F2003A7728 /* Build configuration list for PBXNativeTarget "jssy" */;
			buildPhases = (
				87215FAD1E9446F2003A7728 /* Sources */,
				87215FAE1E9446F2003A7728 /* Frameworks */,
				87215FAF1E9446F2003A7728 /* CopyFiles */,
			);
			buildRules = (
			);
			dependencies = (
			);
			name = jssy;
			productName = jssy;
			productReference = 87215FB11E9446F2003A7728 /* jssy */;
			productType = "com.apple.product-type.tool";
		};
/* End PBXNativeTarget section */

/* Begin PBXProject section */
		87215FA91E9446F2003A7728 /* Project object */ = {
			isa = PBXProject;
			attributes = {
				LastUpgradeCheck = 0820;
				ORGANIZATIONNAME = tihmstar;
				TargetAttributes = {
					87215FB01E9446F2003A7728 = {
						CreatedOnToolsVersion = 8.2.1;
						ProvisioningStyle = Automatic;
					};
				};
			};
			buildConfigurationList = 87215FAC1E9446F2003A7728 /* Build configuration list for PBXProject "jssy" */;
			compatibilityVersion = "Xcode 3.2";
			developmentRegion = English;
			hasScannedForEncodings = 0;
			knownRegions = (
				English,
				en,
			);
			mainGroup = 87215FA81E9446F2003A7728;
			productRefGroup = 87215FB21E9446F2003A7728 /* Products */;
			projectDirPath = "";
			projectRoot = "";
			targets = (
				87215FB01E9446F2003A7728 /* jssy */,
			);
		};
/* End PBXProject section */

/* Begin PBXSourcesBuildPhase section */
		87215FAD1E9446F2003A7728 /* Sources */ = {
			isa = PBXSourcesBuildPhase;
			buildActionMask = 2147483647;
			files = (
				8796E003257E6B2B00BA5B58 /* jssy_create.c in Sources */,
				87215FBD1E944713003A7728 /* jssy.c in Sources */,
				87215FB51E9446F2003A7728 /* cmain.c in Sources */,
				87B0A5DA1F6B420500F712A0 /* jssy.cpp in Sources */,
				87B0A5D71F6B41BA00F712A0 /* cppmain.cpp in Sources */,
			);
			runOnlyForDeploymentPostprocessing = 0;
		};
/* End PBXSourcesBuildPhase section */

/* Begin XCBuildConfiguration section */
		87215FB61E9446F2003A7728 /* Debug */ = {
			isa = XCBuildConfiguration;
			buildSettings = {
				ALWAYS_SEARCH_USER_PATHS = NO;
				CLANG_ANALYZER_NONNULL = YES;
				CLANG_CXX_LANGUAGE_STANDARD = "gnu++0x";
				CLANG_CXX_LIBRARY = "libc++";
				CLANG_ENABLE_MODULES = YES;
				CLANG_ENABLE_OBJC_ARC = YES;
				CLANG_WARN_BOOL_CONVERSION = YES;
				CLANG_WARN_CONSTANT_CONVERSION = YES;
				CLANG_WARN_DIRECT_OBJC_ISA_USAGE = YES_ERROR;
				CLANG_WARN_DOCUMENTATION_COMMENTS = YES;
				CLANG_WARN_EMPTY_BODY = YES;
				CLANG_WARN_ENUM_CONVERSION = YES;
				CLANG_WARN_INFINITE_RECURSION = YES;
				CLANG_WARN_INT_CONVERSION = YES;
				CLANG_WARN_OBJC_ROOT_CLASS = YES_ERROR;
				CLANG_WARN_SUSPICIOUS_MOVE = YES;
				CLANG_WARN_UNREACHABLE_CODE = YES;
				CLANG_WARN__DUPLICATE_METHOD_MATCH = YES;
				CODE_SIGN_IDENTITY = "-";
				COPY_PHASE_STRIP = NO;
				DEBUG_INFORMATION_FORMAT = dwarf;
				ENABLE_STRICT_OBJC_MSGSEND = YES;
				ENABLE_TESTABILITY = YES;
				GCC_C_LANGUAGE_STANDARD = gnu99;
				GCC_DYNAMIC_NO_PIC = NO;
				GCC_NO_COMMON_BLOCKS = YES;
				GCC_OPTIMIZATION_LEVEL = 0;
				GCC_PREPROCESSOR_DEFINITIONS = (
					"DEBUG=1",
					"$(inherited)",
				);
				GCC_WARN_64_TO_32_BIT_CONVERSION = YES;
				GCC_WARN_ABOUT_RETURN_TYPE = YES_ERROR;
				GCC_WARN_UNDECLARED_SELECTOR = YES;
				GCC_WARN_UNINITIALIZED_AUTOS = YES_AGGRESSIVE;
				GCC_WARN_UNUSED_FUNCTION = YES;
				GCC_WARN_UNUSED_VARIABLE = YES;
				MACOSX_DEPLOYMENT_TARGET = 10.12;
				MTL_ENABLE_DEBUG_INFO = YES;
				ONLY_ACTIVE_ARCH = YES;
				SDKROOT = macosx;
			};
			name = Debug;
		};
		87215FB71E9446F2003A7728 /* Release */ = {
			isa = XCBuildConfiguration;
			buildSettings = {
				ALWAYS_SEARCH_USER_PATHS = NO;
				CLANG_ANALYZER_NONNULL = YES;
				CLANG_CXX_LANGUAGE_STANDARD = "gnu++0x";
				CLANG_CXX_LIBRARY = "libc++";
				CLANG_ENABLE_MODULES = YES;
				CLANG_ENABLE_OBJC_ARC = YES;
				CLANG_WARN_BOOL_CONVERSION = YES;
				CLANG_WARN_CONSTANT_CONVERSION = YES;
				CLANG_WARN_DIRECT_OBJC_ISA_USAGE = YES_ERROR;
				CLANG_WARN_DOCUMENTATION_COMMENTS = YES;
				CLANG_WARN_EMPTY_BODY = YES;
				CLANG_WARN_ENUM_CONVERSION = YES;
				CLANG_WARN_INFINITE_RECURSION = YES;
				CLANG_WARN_INT_CONVERSION = YES;
				CLANG_WARN_OBJC_ROOT_CLASS = YES_ERROR;
				CLANG_WARN_SUSPICIOUS_MOVE = YES;
				CLANG_WARN_UNREACHABLE_CODE = YES;
				CLANG_WARN__DUPLICATE_METHOD_MATCH = YES;
				CODE_SIGN_IDENTITY = "-";
				COPY_PHASE_STRIP = NO;
				DEBUG_INFORMATION_FORMAT = "dwarf-with-dsym";
				ENABLE_NS_ASSERTIONS = NO;
				ENABLE_STRICT_OBJC_MSGSEND = YES;
				GCC_C_LANGUAGE_STANDARD = gnu99;
				GCC_NO_COMMON_BLOCKS = YES;
				GCC_WARN_64_TO_32_BIT_CONVERSION = YES;
				GCC_WARN_ABOUT_RETURN_TYPE = YES_ERROR;
				GCC_WARN_UNDECLARED_SELECTOR = YES;
				GCC_WARN_UNINITIALIZED_AUTOS = YES_AGGRESSIVE;
				GCC_WARN_UNUSED_FUNCTION = YES;
				GCC_WARN_UNUSED_VARIABLE = YES;
				MACOSX_DEPLOYMENT_TARGET = 10.12;
				MTL_ENABLE_DEBUG_INFO = NO;
				SDKROOT = macosx;
			};
			name = Release;
		};
		87215FB91E9446F2003A7728 /* Debug */ = {
			isa = XCBuildConfiguration;
			buildSettings = {
				GCC_PREPROCESSOR_DEFINITIONS = (
					"DEBUG=1",
					"$(inherited)",
					HAVE_JSSY_BOOL,
				);
				PRODUCT_NAME = "$(TARGET_NAME)";
			};
			name = Debug;
		};
		87215FBA1E9446F2003A7728 /* Release */ = {
			isa = XCBuildConfiguration;
			buildSettings = {
				PRODUCT_NAME = "$(TARGET_NAME)";
			};
			name = Release;
		};
/* End XCBuildConfiguration section */

/* Begin XCConfigurationList section */
		87215FAC1E9446F2003A7728 /* Build configuration list for PBXProject "jssy" */ = {
			isa = XCConfigurationList;
			buildConfigurations = (
				87215FB61E9446F2003A7728 /* Debug */,
				87215FB71E9446F2003A7728 /* Release */,
			);
			defaultConfigurationIsVisible = 0;
			defaultConfigurationName = Release;
		};
		87215FB81E9446F2003A7728 /* Build configuration list for PBXNativeTarget "jssy" */ = {
			isa = XCConfigurationList;
			buildConfigurations = (
				87215FB91E9446F2003A7728 /* Debug */,
				87215FBA1E9446F2003A7728 /* Release */,
			);
			defaultConfigurationIsVisible = 0;
			defaultConfigurationName = Release;
		};
/* End XCConfigurationList section */
	};
	rootObject = 87215FA91E9446F2003A7728 /* Project object */;
}
